
Microsoft Visual Studio Solution File, Format Version 12.00
# Visual Studio Version 17
VisualStudioVersion = 17.4.33213.308
MinimumVisualStudioVersion = 10.0.40219.1
Project("{FAE04EC0-301F-11D3-BF4B-00C04F79EFBC}") = "four_win _test", "four_win _test\four_win _test.csproj", "{02F4C3FC-9751-49E6-BC8E-CB8B23539173}"
EndProject
Global
	GlobalSection(SolutionConfigurationPlatforms) = preSolution
		Debug|Any CPU = Debug|Any CPU
		Release|Any CPU = Release|Any CPU
	EndGlobalSection
	GlobalSection(ProjectConfigurationPlatforms) = postSolution
		{02F4C3FC-9751-49E6-BC8E-CB8B23539173}.Debug|Any CPU.ActiveCfg = Debug|Any CPU
		{02F4C3FC-9751-49E6-BC8E-CB8B23539173}.Debug|Any CPU.Build.0 = Debug|Any CPU
		{02F4C3FC-9751-49E6-BC8E-CB8B23539173}.Release|Any CPU.ActiveCfg = Release|Any CPU
		{02F4C3FC-9751-49E6-BC8E-CB8B23539173}.Release|Any CPU.Build.0 = Release|Any CPU
	EndGlobalSection
	GlobalSection(SolutionProperties) = preSolution
		HideSolutionNode = FALSE
	EndGlobalSection
	GlobalSection(ExtensibilityGlobals) = postSolution
		SolutionGuid = {F71253B0-64B4-4EE0-972D-93DC521F361C}
	EndGlobalSection
EndGlobal
